
Microsoft Visual Studio Solution File, Format Version 12.00
# Visual Studio Version 17
VisualStudioVersion = 17.5.33530.505
MinimumVisualStudioVersion = 10.0.40219.1
Project("{9A19103F-16F7-4668-BE54-9A1E7A4F7556}") = "DemoApp.Repository", "DemoApp.Repository\DemoApp.Repository.csproj", "{906F63AC-B56A-44AF-A9E5-9C1DEA14ED2C}"
EndProject
Project("{9A19103F-16F7-4668-BE54-9A1E7A4F7556}") = "DemoApp.Entities", "DemoApp.Entities\DemoApp.Entities.csproj", "{3D54E600-02BA-4ADE-B21E-FF9192C39038}"
EndProject
Project("{9A19103F-16F7-4668-BE54-9A1E7A4F7556}") = "DemoApp.Contracts", "DemoApp.Contracts\DemoApp.Contracts.csproj", "{D37CD73E-DA3E-4CF3-AD3C-8F7AACAD5736}"
EndProject
Project("{9A19103F-16F7-4668-BE54-9A1E7A4F7556}") = "DemoApp.Web", "DemoApp.Web\DemoApp.Web.csproj", "{7CACBCCB-741B-49BF-983F-8C7536DD68CA}"
EndProject
Project("{9A19103F-16F7-4668-BE54-9A1E7A4F7556}") = "DemoApp.Test", "DemoApp.Test\DemoApp.Test.csproj", "{E8C8970E-C73D-45C4-9C3E-07A1EFCF11F4}"
EndProject
Project("{E24C65DC-7377-472B-9ABA-BC803B73C61A}") = "DemoApp.ClassicUI", "DemoApp.ClassicUI\", "{F5D08AB2-5A2B-41F7-B572-4ED02ED7248A}"
	ProjectSection(WebsiteProperties) = preProject
		TargetFrameworkMoniker = ".NETFramework,Version%3Dv4.0"
		Debug.AspNetCompiler.VirtualPath = "/localhost_56899"
		Debug.AspNetCompiler.PhysicalPath = "DemoApp.ClassicUI\"
		Debug.AspNetCompiler.TargetPath = "PrecompiledWeb\localhost_56899\"
		Debug.AspNetCompiler.Updateable = "true"
		Debug.AspNetCompiler.ForceOverwrite = "true"
		Debug.AspNetCompiler.FixedNames = "false"
		Debug.AspNetCompiler.Debug = "True"
		Release.AspNetCompiler.VirtualPath = "/localhost_56899"
		Release.AspNetCompiler.PhysicalPath = "DemoApp.ClassicUI\"
		Release.AspNetCompiler.TargetPath = "PrecompiledWeb\localhost_56899\"
		Release.AspNetCompiler.Updateable = "true"
		Release.AspNetCompiler.ForceOverwrite = "true"
		Release.AspNetCompiler.FixedNames = "false"
		Release.AspNetCompiler.Debug = "False"
		VWDPort = "56899"
		SlnRelativePath = "DemoApp.ClassicUI\"
	EndProjectSection
EndProject
Global
	GlobalSection(SolutionConfigurationPlatforms) = preSolution
		Debug|Any CPU = Debug|Any CPU
		Release|Any CPU = Release|Any CPU
	EndGlobalSection
	GlobalSection(ProjectConfigurationPlatforms) = postSolution
		{906F63AC-B56A-44AF-A9E5-9C1DEA14ED2C}.Debug|Any CPU.ActiveCfg = Debug|Any CPU
		{906F63AC-B56A-44AF-A9E5-9C1DEA14ED2C}.Debug|Any CPU.Build.0 = Debug|Any CPU
		{906F63AC-B56A-44AF-A9E5-9C1DEA14ED2C}.Release|Any CPU.ActiveCfg = Release|Any CPU
		{906F63AC-B56A-44AF-A9E5-9C1DEA14ED2C}.Release|Any CPU.Build.0 = Release|Any CPU
		{3D54E600-02BA-4ADE-B21E-FF9192C39038}.Debug|Any CPU.ActiveCfg = Debug|Any CPU
		{3D54E600-02BA-4ADE-B21E-FF9192C39038}.Debug|Any CPU.Build.0 = Debug|Any CPU
		{3D54E600-02BA-4ADE-B21E-FF9192C39038}.Release|Any CPU.ActiveCfg = Release|Any CPU
		{3D54E600-02BA-4ADE-B21E-FF9192C39038}.Release|Any CPU.Build.0 = Release|Any CPU
		{D37CD73E-DA3E-4CF3-AD3C-8F7AACAD5736}.Debug|Any CPU.ActiveCfg = Debug|Any CPU
		{D37CD73E-DA3E-4CF3-AD3C-8F7AACAD5736}.Debug|Any CPU.Build.0 = Debug|Any CPU
		{D37CD73E-DA3E-4CF3-AD3C-8F7AACAD5736}.Release|Any CPU.ActiveCfg = Release|Any CPU
		{D37CD73E-DA3E-4CF3-AD3C-8F7AACAD5736}.Release|Any CPU.Build.0 = Release|Any CPU
		{7CACBCCB-741B-49BF-983F-8C7536DD68CA}.Debug|Any CPU.ActiveCfg = Debug|Any CPU
		{7CACBCCB-741B-49BF-983F-8C7536DD68CA}.Debug|Any CPU.Build.0 = Debug|Any CPU
		{7CACBCCB-741B-49BF-983F-8C7536DD68CA}.Release|Any CPU.ActiveCfg = Release|Any CPU
		{7CACBCCB-741B-49BF-983F-8C7536DD68CA}.Release|Any CPU.Build.0 = Release|Any CPU
		{E8C8970E-C73D-45C4-9C3E-07A1EFCF11F4}.Debug|Any CPU.ActiveCfg = Debug|Any CPU
		{E8C8970E-C73D-45C4-9C3E-07A1EFCF11F4}.Debug|Any CPU.Build.0 = Debug|Any CPU
		{E8C8970E-C73D-45C4-9C3E-07A1EFCF11F4}.Release|Any CPU.ActiveCfg = Release|Any CPU
		{E8C8970E-C73D-45C4-9C3E-07A1EFCF11F4}.Release|Any CPU.Build.0 = Release|Any CPU
		{F5D08AB2-5A2B-41F7-B572-4ED02ED7248A}.Debug|Any CPU.ActiveCfg = Debug|Any CPU
		{F5D08AB2-5A2B-41F7-B572-4ED02ED7248A}.Debug|Any CPU.Build.0 = Debug|Any CPU
		{F5D08AB2-5A2B-41F7-B572-4ED02ED7248A}.Release|Any CPU.ActiveCfg = Debug|Any CPU
		{F5D08AB2-5A2B-41F7-B572-4ED02ED7248A}.Release|Any CPU.Build.0 = Debug|Any CPU
	EndGlobalSection
	GlobalSection(SolutionProperties) = preSolution
		HideSolutionNode = FALSE
	EndGlobalSection
	GlobalSection(ExtensibilityGlobals) = postSolution
		SolutionGuid = {2403C17C-D0B7-48FE-86B9-CE41154185D2}
	EndGlobalSection
EndGlobal
